
Microsoft Visual Studio Solution File, Format Version 12.00
# Visual Studio Version 16
VisualStudioVersion = 16.0.31702.278
MinimumVisualStudioVersion = 10.0.40219.1
Project("{9A19103F-16F7-4668-BE54-9A1E7A4F7556}") = "MTCG-Client", "MTCG-Client\MTCG-Client.csproj", "{907225F9-D31B-4037-9FE7-802C1900BADC}"
EndProject
Project("{9A19103F-16F7-4668-BE54-9A1E7A4F7556}") = "MTCG-Server", "MTCG-Server\MTCG-Server.csproj", "{7B3D5F9E-CA28-4854-B68E-01C11688787F}"
EndProject
Global
	GlobalSection(SolutionConfigurationPlatforms) = preSolution
		Debug|Any CPU = Debug|Any CPU
		Release|Any CPU = Release|Any CPU
	EndGlobalSection
	GlobalSection(ProjectConfigurationPlatforms) = postSolution
		{907225F9-D31B-4037-9FE7-802C1900BADC}.Debug|Any CPU.ActiveCfg = Debug|Any CPU
		{907225F9-D31B-4037-9FE7-802C1900BADC}.Debug|Any CPU.Build.0 = Debug|Any CPU
		{907225F9-D31B-4037-9FE7-802C1900BADC}.Release|Any CPU.ActiveCfg = Release|Any CPU
		{907225F9-D31B-4037-9FE7-802C1900BADC}.Release|Any CPU.Build.0 = Release|Any CPU
		{7B3D5F9E-CA28-4854-B68E-01C11688787F}.Debug|Any CPU.ActiveCfg = Debug|Any CPU
		{7B3D5F9E-CA28-4854-B68E-01C11688787F}.Debug|Any CPU.Build.0 = Debug|Any CPU
		{7B3D5F9E-CA28-4854-B68E-01C11688787F}.Release|Any CPU.ActiveCfg = Release|Any CPU
		{7B3D5F9E-CA28-4854-B68E-01C11688787F}.Release|Any CPU.Build.0 = Release|Any CPU
	EndGlobalSection
	GlobalSection(SolutionProperties) = preSolution
		HideSolutionNode = FALSE
	EndGlobalSection
	GlobalSection(ExtensibilityGlobals) = postSolution
		SolutionGuid = {C2E5195A-DAEC-4C1B-A682-A951A2BB5C2E}
	EndGlobalSection
EndGlobal
