
Microsoft Visual Studio Solution File, Format Version 12.00
# Visual Studio Version 16
VisualStudioVersion = 16.0.31702.278
MinimumVisualStudioVersion = 10.0.40219.1
Project("{9A19103F-16F7-4668-BE54-9A1E7A4F7556}") = "MTCG-Server", "MTCG-Server\MTCG-Server.csproj", "{7B3D5F9E-CA28-4854-B68E-01C11688787F}"
EndProject
Project("{9A19103F-16F7-4668-BE54-9A1E7A4F7556}") = "MTCG_Battle", "MTCG_Battle\MTCG_Battle.csproj", "{CEAC7FD8-3E43-4C8A-B4CF-1D66222B006D}"
EndProject
Project("{FAE04EC0-301F-11D3-BF4B-00C04F79EFBC}") = "MTCG_Battle.Test", "MTCG_Battle.Test\MTCG_Battle.Test.csproj", "{26A9B76B-2FA3-4EF7-B058-45C708E16C94}"
EndProject
Global
	GlobalSection(SolutionConfigurationPlatforms) = preSolution
		Debug|Any CPU = Debug|Any CPU
		Release|Any CPU = Release|Any CPU
	EndGlobalSection
	GlobalSection(ProjectConfigurationPlatforms) = postSolution
		{7B3D5F9E-CA28-4854-B68E-01C11688787F}.Debug|Any CPU.ActiveCfg = Debug|Any CPU
		{7B3D5F9E-CA28-4854-B68E-01C11688787F}.Debug|Any CPU.Build.0 = Debug|Any CPU
		{7B3D5F9E-CA28-4854-B68E-01C11688787F}.Release|Any CPU.ActiveCfg = Release|Any CPU
		{7B3D5F9E-CA28-4854-B68E-01C11688787F}.Release|Any CPU.Build.0 = Release|Any CPU
		{CEAC7FD8-3E43-4C8A-B4CF-1D66222B006D}.Debug|Any CPU.ActiveCfg = Debug|Any CPU
		{CEAC7FD8-3E43-4C8A-B4CF-1D66222B006D}.Debug|Any CPU.Build.0 = Debug|Any CPU
		{CEAC7FD8-3E43-4C8A-B4CF-1D66222B006D}.Release|Any CPU.ActiveCfg = Release|Any CPU
		{CEAC7FD8-3E43-4C8A-B4CF-1D66222B006D}.Release|Any CPU.Build.0 = Release|Any CPU
		{26A9B76B-2FA3-4EF7-B058-45C708E16C94}.Debug|Any CPU.ActiveCfg = Debug|Any CPU
		{26A9B76B-2FA3-4EF7-B058-45C708E16C94}.Debug|Any CPU.Build.0 = Debug|Any CPU
		{26A9B76B-2FA3-4EF7-B058-45C708E16C94}.Release|Any CPU.ActiveCfg = Release|Any CPU
		{26A9B76B-2FA3-4EF7-B058-45C708E16C94}.Release|Any CPU.Build.0 = Release|Any CPU
	EndGlobalSection
	GlobalSection(SolutionProperties) = preSolution
		HideSolutionNode = FALSE
	EndGlobalSection
	GlobalSection(ExtensibilityGlobals) = postSolution
		SolutionGuid = {C2E5195A-DAEC-4C1B-A682-A951A2BB5C2E}
	EndGlobalSection
EndGlobal
